
Microsoft Visual Studio Solution File, Format Version 12.00
# Visual Studio 14
VisualStudioVersion = 14.0.25420.1
MinimumVisualStudioVersion = 10.0.40219.1
Project("{FAE04EC0-301F-11D3-BF4B-00C04F79EFBC}") = "Source", "Source\Source.csproj", "{FDC9FD01-1D4A-4E1A-89E0-5C95C2B549A8}"
EndProject
Project("{FAE04EC0-301F-11D3-BF4B-00C04F79EFBC}") = "Common", "SQLHelper\Common.csproj", "{F2472EF4-B8B0-4ABB-AE76-828E18567869}"
EndProject
Project("{FAE04EC0-301F-11D3-BF4B-00C04F79EFBC}") = "DAO", "DAO\DAO.csproj", "{3E98CFA3-D0A1-4DBA-BFF0-252FBD648545}"
EndProject
Project("{FAE04EC0-301F-11D3-BF4B-00C04F79EFBC}") = "BusinessLogic", "BusinessLogic\BusinessLogic.csproj", "{A1CA7815-04FF-457F-B4B2-2CFE450E6454}"
EndProject
Global
	GlobalSection(SolutionConfigurationPlatforms) = preSolution
		Debug|Any CPU = Debug|Any CPU
		Release|Any CPU = Release|Any CPU
	EndGlobalSection
	GlobalSection(ProjectConfigurationPlatforms) = postSolution
		{FDC9FD01-1D4A-4E1A-89E0-5C95C2B549A8}.Debug|Any CPU.ActiveCfg = Debug|Any CPU
		{FDC9FD01-1D4A-4E1A-89E0-5C95C2B549A8}.Debug|Any CPU.Build.0 = Debug|Any CPU
		{FDC9FD01-1D4A-4E1A-89E0-5C95C2B549A8}.Release|Any CPU.ActiveCfg = Release|Any CPU
		{FDC9FD01-1D4A-4E1A-89E0-5C95C2B549A8}.Release|Any CPU.Build.0 = Release|Any CPU
		{F2472EF4-B8B0-4ABB-AE76-828E18567869}.Debug|Any CPU.ActiveCfg = Debug|Any CPU
		{F2472EF4-B8B0-4ABB-AE76-828E18567869}.Debug|Any CPU.Build.0 = Debug|Any CPU
		{F2472EF4-B8B0-4ABB-AE76-828E18567869}.Release|Any CPU.ActiveCfg = Release|Any CPU
		{F2472EF4-B8B0-4ABB-AE76-828E18567869}.Release|Any CPU.Build.0 = Release|Any CPU
		{3E98CFA3-D0A1-4DBA-BFF0-252FBD648545}.Debug|Any CPU.ActiveCfg = Debug|Any CPU
		{3E98CFA3-D0A1-4DBA-BFF0-252FBD648545}.Debug|Any CPU.Build.0 = Debug|Any CPU
		{3E98CFA3-D0A1-4DBA-BFF0-252FBD648545}.Release|Any CPU.ActiveCfg = Release|Any CPU
		{3E98CFA3-D0A1-4DBA-BFF0-252FBD648545}.Release|Any CPU.Build.0 = Release|Any CPU
		{A1CA7815-04FF-457F-B4B2-2CFE450E6454}.Debug|Any CPU.ActiveCfg = Debug|Any CPU
		{A1CA7815-04FF-457F-B4B2-2CFE450E6454}.Debug|Any CPU.Build.0 = Debug|Any CPU
		{A1CA7815-04FF-457F-B4B2-2CFE450E6454}.Release|Any CPU.ActiveCfg = Release|Any CPU
		{A1CA7815-04FF-457F-B4B2-2CFE450E6454}.Release|Any CPU.Build.0 = Release|Any CPU
	EndGlobalSection
	GlobalSection(SolutionProperties) = preSolution
		HideSolutionNode = FALSE
	EndGlobalSection
EndGlobal
